// !$*UTF8*$!
{
	archiveVersion = 1;
	classes = {
	};
	objectVersion = 77;
	objects = {

/* Begin PBXContainerItemProxy section */
		0462CE6F2EC98CAA00EBD04B /* PBXContainerItemProxy */ = {
			isa = PBXContainerItemProxy;
			containerPortal = 0462CE592EC98CA900EBD04B /* Project object */;
			proxyType = 1;
			remoteGlobalIDString = 0462CE602EC98CA900EBD04B;
			remoteInfo = ResearchTime;
		};
		0462CE792EC98CAA00EBD04B /* PBXContainerItemProxy */ = {
			isa = PBXContainerItemProxy;
			containerPortal = 0462CE592EC98CA900EBD04B /* Project object */;
			proxyType = 1;
			remoteGlobalIDString = 0462CE602EC98CA900EBD04B;
			remoteInfo = ResearchTime;
		};
/* End PBXContainerItemProxy section */

/* Begin PBXFileReference section */
		0462CE612EC98CA900EBD04B /* ResearchTime.app */ = {isa = PBXFileReference; explicitFileType = wrapper.application; includeInIndex = 0; path = ResearchTime.app; sourceTree = BUILT_PRODUCTS_DIR; };
		0462CE6E2EC98CAA00EBD04B /* ResearchTimeTests.xctest */ = {isa = PBXFileReference; explicitFileType = wrapper.cfbundle; includeInIndex = 0; path = ResearchTimeTests.xctest; sourceTree = BUILT_PRODUCTS_DIR; };
		0462CE782EC98CAA00EBD04B /* ResearchTimeUITests.xctest */ = {isa = PBXFileReference; explicitFileType = wrapper.cfbundle; includeInIndex = 0; path = ResearchTimeUITests.xctest; sourceTree = BUILT_PRODUCTS_DIR; };
/* End PBXFileReference section */

/* Begin PBXFileSystemSynchronizedRootGroup section */
		0462CE632EC98CA900EBD04B /* ResearchTime */ = {
			isa = PBXFileSystemSynchronizedRootGroup;
			path = ResearchTime;
			sourceTree = "<group>";
		};
		0462CE712EC98CAA00EBD04B /* ResearchTimeTests */ = {
			isa = PBXFileSystemSynchronizedRootGroup;
			path = ResearchTimeTests;
			sourceTree = "<group>";
		};
		0462CE7B2EC98CAA00EBD04B /* ResearchTimeUITests */ = {
			isa = PBXFileSystemSynchronizedRootGroup;
			path = ResearchTimeUITests;
			sourceTree = "<group>";
		};
/* End PBXFileSystemSynchronizedRootGroup section */

/* Begin PBXFrameworksBuildPhase section */
		0462CE5E2EC98CA900EBD04B /* Frameworks */ = {
			isa = PBXFrameworksBuildPhase;
			buildActionMask = 2147483647;
			files = (
			);
			runOnlyForDeploymentPostprocessing = 0;
		};
		0462CE6B2EC98CAA00EBD04B /* Frameworks */ = {
			isa = PBXFrameworksBuildPhase;
			buildActionMask = 2147483647;
			files = (
			);
			runOnlyForDeploymentPostprocessing = 0;
		};
		0462CE752EC98CAA00EBD04B /* Frameworks */ = {
			isa = PBXFrameworksBuildPhase;
			buildActionMask = 2147483647;
			files = (
			);
			runOnlyForDeploymentPostprocessing = 0;
		};
/* End PBXFrameworksBuildPhase section */

/* Begin PBXGroup section */
		0462CE582EC98CA900EBD04B = {
			isa = PBXGroup;
			children = (
				0462CE632EC98CA900EBD04B /* ResearchTime */,
				0462CE712EC98CAA00EBD04B /* ResearchTimeTests */,
				0462CE7B2EC98CAA00EBD04B /* ResearchTimeUITests */,
				0462CE622EC98CA900EBD04B /* Products */,
			);
			sourceTree = "<group>";
		};
		0462CE622EC98CA900EBD04B /* Products */ = {
			isa = PBXGroup;
			children = (
				0462CE612EC98CA900EBD04B /* ResearchTime.app */,
				0462CE6E2EC98CAA00EBD04B /* ResearchTimeTests.xctest */,
				0462CE782EC98CAA00EBD04B /* ResearchTimeUITests.xctest */,
			);
			name = Products;
			sourceTree = "<group>";
		};
/* End PBXGroup section */

/* Begin PBXNativeTarget section */
		0462CE602EC98CA900EBD04B /* ResearchTime */ = {
			isa = PBXNativeTarget;
			buildConfigurationList = 0462CE822EC98CAA00EBD04B /* Build configuration list for PBXNativeTarget "ResearchTime" */;
			buildPhases = (
				134B20AC2C004F889899F71F /* Compile Code Assets */,
				0462CE5D2EC98CA900EBD04B /* Sources */,
				0462CE5E2EC98CA900EBD04B /* Frameworks */,
				0462CE5F2EC98CA900EBD04B /* Resources */,
			);
			buildRules = (
			);
			dependencies = (
			);
			fileSystemSynchronizedGroups = (
				0462CE632EC98CA900EBD04B /* ResearchTime */,
			);
			name = ResearchTime;
			packageProductDependencies = (
			);
			productName = ResearchTime;
			productReference = 0462CE612EC98CA900EBD04B /* ResearchTime.app */;
			productType = "com.apple.product-type.application";
		};
		0462CE6D2EC98CAA00EBD04B /* ResearchTimeTests */ = {
			isa = PBXNativeTarget;
			buildConfigurationList = 0462CE852EC98CAA00EBD04B /* Build configuration list for PBXNativeTarget "ResearchTimeTests" */;
			buildPhases = (
				0462CE6A2EC98CAA00EBD04B /* Sources */,
				0462CE6B2EC98CAA00EBD04B /* Frameworks */,
				0462CE6C2EC98CAA00EBD04B /* Resources */,
			);
			buildRules = (
			);
			dependencies = (
				0462CE702EC98CAA00EBD04B /* PBXTargetDependency */,
			);
			fileSystemSynchronizedGroups = (
				0462CE712EC98CAA00EBD04B /* ResearchTimeTests */,
			);
			name = ResearchTimeTests;
			packageProductDependencies = (
			);
			productName = ResearchTimeTests;
			productReference = 0462CE6E2EC98CAA00EBD04B /* ResearchTimeTests.xctest */;
			productType = "com.apple.product-type.bundle.unit-test";
		};
		0462CE772EC98CAA00EBD04B /* ResearchTimeUITests */ = {
			isa = PBXNativeTarget;
			buildConfigurationList = 0462CE882EC98CAA00EBD04B /* Build configuration list for PBXNativeTarget "ResearchTimeUITests" */;
			buildPhases = (
				0462CE742EC98CAA00EBD04B /* Sources */,
				0462CE752EC98CAA00EBD04B /* Frameworks */,
				0462CE762EC98CAA00EBD04B /* Resources */,
			);
			buildRules = (
			);
			dependencies = (
				0462CE7A2EC98CAA00EBD04B /* PBXTargetDependency */,
			);
			fileSystemSynchronizedGroups = (
				0462CE7B2EC98CAA00EBD04B /* ResearchTimeUITests */,
			);
			name = ResearchTimeUITests;
			packageProductDependencies = (
			);
			productName = ResearchTimeUITests;
			productReference = 0462CE782EC98CAA00EBD04B /* ResearchTimeUITests.xctest */;
			productType = "com.apple.product-type.bundle.ui-testing";
		};
/* End PBXNativeTarget section */

/* Begin PBXProject section */
		0462CE592EC98CA900EBD04B /* Project object */ = {
			isa = PBXProject;
			attributes = {
				BuildIndependentTargetsInParallel = 1;
				LastSwiftUpdateCheck = 2600;
				LastUpgradeCheck = 2600;
				TargetAttributes = {
					0462CE602EC98CA900EBD04B = {
						CreatedOnToolsVersion = 26.0.1;
					};
					0462CE6D2EC98CAA00EBD04B = {
						CreatedOnToolsVersion = 26.0.1;
						TestTargetID = 0462CE602EC98CA900EBD04B;
					};
					0462CE772EC98CAA00EBD04B = {
						CreatedOnToolsVersion = 26.0.1;
						TestTargetID = 0462CE602EC98CA900EBD04B;
					};
				};
			};
			buildConfigurationList = 0462CE5C2EC98CA900EBD04B /* Build configuration list for PBXProject "ResearchTime" */;
			developmentRegion = en;
			hasScannedForEncodings = 0;
			knownRegions = (
				en,
				Base,
			);
			mainGroup = 0462CE582EC98CA900EBD04B;
			minimizedProjectReferenceProxies = 1;
			preferredProjectObjectVersion = 77;
			productRefGroup = 0462CE622EC98CA900EBD04B /* Products */;
			projectDirPath = "";
			projectRoot = "";
			targets = (
				0462CE602EC98CA900EBD04B /* ResearchTime */,
				0462CE6D2EC98CAA00EBD04B /* ResearchTimeTests */,
				0462CE772EC98CAA00EBD04B /* ResearchTimeUITests */,
			);
		};
/* End PBXProject section */

/* Begin PBXBuildRule section */
																																																																																																													/* End PBXBuildRule section */

/* Begin PBXBuildFile section */
/* End PBXBuildFile section */

/* Begin PBXShellScriptBuildPhase section */
		134B20AC2C004F889899F71F /* Compile Code Assets */ = {
			isa = PBXShellScriptBuildPhase;
			buildActionMask = 2147483647;
			alwaysOutOfDate = 1;
			files = (
			);
			inputFileListPaths = (
			);
			inputPaths = (
			);
			name = "Compile Code Assets";
			outputFileListPaths = (
			);
			outputPaths = (
			);
			shellPath = /bin/sh;
			showEnvVarsInLog = 0;	
		};
/* End PBXShellScriptBuildPhase section */

/* Begin PBXResourcesBuildPhase section */
		0462CE5F2EC98CA900EBD04B /* Resources */ = {
			isa = PBXResourcesBuildPhase;
			buildActionMask = 2147483647;
			files = (
			);
			runOnlyForDeploymentPostprocessing = 0;
		};
		0462CE6C2EC98CAA00EBD04B /* Resources */ = {
			isa = PBXResourcesBuildPhase;
			buildActionMask = 2147483647;
			files = (
			);
			runOnlyForDeploymentPostprocessing = 0;
		};
		0462CE762EC98CAA00EBD04B /* Resources */ = {
			isa = PBXResourcesBuildPhase;
			buildActionMask = 2147483647;
			files = (
			);
			runOnlyForDeploymentPostprocessing = 0;
		};
/* End PBXResourcesBuildPhase section */

/* Begin PBXSourcesBuildPhase section */
		0462CE5D2EC98CA900EBD04B /* Sources */ = {
			isa = PBXSourcesBuildPhase;
			buildActionMask = 2147483647;
			files = (
			);
			runOnlyForDeploymentPostprocessing = 0;
		};
		0462CE6A2EC98CAA00EBD04B /* Sources */ = {
			isa = PBXSourcesBuildPhase;
			buildActionMask = 2147483647;
			files = (
			);
			runOnlyForDeploymentPostprocessing = 0;
		};
		0462CE742EC98CAA00EBD04B /* Sources */ = {
			isa = PBXSourcesBuildPhase;
			buildActionMask = 2147483647;
			files = (
			);
			runOnlyForDeploymentPostprocessing = 0;
		};
/* End PBXSourcesBuildPhase section */

/* Begin PBXTargetDependency section */
		0462CE702EC98CAA00EBD04B /* PBXTargetDependency */ = {
			isa = PBXTargetDependency;
			target = 0462CE602EC98CA900EBD04B /* ResearchTime */;
			targetProxy = 0462CE6F2EC98CAA00EBD04B /* PBXContainerItemProxy */;
		};
		0462CE7A2EC98CAA00EBD04B /* PBXTargetDependency */ = {
			isa = PBXTargetDependency;
			target = 0462CE602EC98CA900EBD04B /* ResearchTime */;
			targetProxy = 0462CE792EC98CAA00EBD04B /* PBXContainerItemProxy */;
		};
/* End PBXTargetDependency section */

/* Begin XCBuildConfiguration section */
		0462CE802EC98CAA00EBD04B /* Debug */ = {
			isa = XCBuildConfiguration;
			buildSettings = {
				CLANG_ENABLE_MODULES = YES;
				CLANG_ENABLE_OBJC_ARC = YES;
				CLANG_ENABLE_OBJC_WEAK = YES;
				CLANG_WARN_BLOCK_CAPTURE_AUTORELEASING = YES;
				CLANG_WARN_BOOL_CONVERSION = YES;
				CLANG_WARN_COMMA = YES;
				CLANG_WARN_CONSTANT_CONVERSION = YES;
				CLANG_WARN_DEPRECATED_OBJC_IMPLEMENTATIONS = YES;
				CLANG_WARN_DIRECT_OBJC_ISA_USAGE = YES_ERROR;
				CLANG_WARN_DOCUMENTATION_COMMENTS = YES;
				CLANG_WARN_EMPTY_BODY = YES;
				CLANG_WARN_ENUM_CONVERSION = YES;
				CLANG_WARN_INFINITE_RECURSION = YES;
				CLANG_WARN_INT_CONVERSION = YES;
				CLANG_WARN_NON_LITERAL_NULL_CONVERSION = YES;
				CLANG_WARN_OBJC_IMPLICIT_RETAIN_SELF = YES;
				CLANG_WARN_OBJC_LITERAL_CONVERSION = YES;
				CLANG_WARN_OBJC_ROOT_CLASS = YES_ERROR;
				CLANG_WARN_QUOTED_INCLUDE_IN_FRAMEWORK_HEADER = YES;
				CLANG_WARN_RANGE_LOOP_ANALYSIS = YES;
				CLANG_WARN_STRICT_PROTOTYPES = YES;
				CLANG_WARN_SUSPICIOUS_MOVE = YES;
				CLANG_WARN_UNGUARDED_AVAILABILITY = YES_AGGRESSIVE;
				CLANG_WARN_UNREACHABLE_CODE = YES;
				CLANG_WARN__DUPLICATE_METHOD_MATCH = YES;
				COPY_PHASE_STRIP = NO;
				DEBUG_INFORMATION_FORMAT = dwarf;
				DEVELOPMENT_TEAM = 9NAU7R3577;
				ENABLE_STRICT_OBJC_MSGSEND = YES;
				ENABLE_TESTABILITY = YES;
				ENABLE_USER_SCRIPT_SANDBOXING = NO;
				GCC_C_LANGUAGE_STANDARD = gnu17;
				GCC_DYNAMIC_NO_PIC = NO;
				GCC_NO_COMMON_BLOCKS = YES;
				GCC_OPTIMIZATION_LEVEL = 0;
				GCC_PREPROCESSOR_DEFINITIONS = (
					"DEBUG=1",
					"$(inherited)",
				);
				GCC_WARN_64_TO_32_BIT_CONVERSION = YES;
				GCC_WARN_ABOUT_RETURN_TYPE = YES_ERROR;
				GCC_WARN_UNDECLARED_SELECTOR = YES;
				GCC_WARN_UNINITIALIZED_AUTOS = YES_AGGRESSIVE;
				GCC_WARN_UNUSED_FUNCTION = YES;
				GCC_WARN_UNUSED_VARIABLE = YES;
				LOCALIZATION_PREFERS_STRING_CATALOGS = YES;
				MACOSX_DEPLOYMENT_TARGET = 26.0;
				MTL_ENABLE_DEBUG_INFO = INCLUDE_SOURCE;
				MTL_FAST_MATH = YES;
				ONLY_ACTIVE_ARCH = YES;
				SDKROOT = macosx;
				SWIFT_ACTIVE_COMPILATION_CONDITIONS = "DEBUG $(inherited)";
				SWIFT_OPTIMIZATION_LEVEL = "-Onone";
			};
			name = Debug;
		};
		0462CE812EC98CAA00EBD04B /* Release */ = {
			isa = XCBuildConfiguration;
			buildSettings = {
				CLANG_ENABLE_MODULES = YES;
				CLANG_ENABLE_OBJC_ARC = YES;
				CLANG_ENABLE_OBJC_WEAK = YES;
				CLANG_WARN_BLOCK_CAPTURE_AUTORELEASING = YES;
				CLANG_WARN_BOOL_CONVERSION = YES;
				CLANG_WARN_COMMA = YES;
				CLANG_WARN_CONSTANT_CONVERSION = YES;
				CLANG_WARN_DEPRECATED_OBJC_IMPLEMENTATIONS = YES;
				CLANG_WARN_DIRECT_OBJC_ISA_USAGE = YES_ERROR;
				CLANG_WARN_DOCUMENTATION_COMMENTS = YES;
				CLANG_WARN_EMPTY_BODY = YES;
				CLANG_WARN_ENUM_CONVERSION = YES;
				CLANG_WARN_INFINITE_RECURSION = YES;
				CLANG_WARN_INT_CONVERSION = YES;
				CLANG_WARN_NON_LITERAL_NULL_CONVERSION = YES;
				CLANG_WARN_OBJC_IMPLICIT_RETAIN_SELF = YES;
				CLANG_WARN_OBJC_LITERAL_CONVERSION = YES;
				CLANG_WARN_OBJC_ROOT_CLASS = YES_ERROR;
				CLANG_WARN_QUOTED_INCLUDE_IN_FRAMEWORK_HEADER = YES;
				CLANG_WARN_RANGE_LOOP_ANALYSIS = YES;
				CLANG_WARN_STRICT_PROTOTYPES = YES;
				CLANG_WARN_SUSPICIOUS_MOVE = YES;
				CLANG_WARN_UNGUARDED_AVAILABILITY = YES_AGGRESSIVE;
				CLANG_WARN_UNREACHABLE_CODE = YES;
				CLANG_WARN__DUPLICATE_METHOD_MATCH = YES;
				COPY_PHASE_STRIP = NO;
				DEBUG_INFORMATION_FORMAT = "dwarf-with-dsym";
				DEVELOPMENT_TEAM = 9NAU7R3577;
				ENABLE_NS_ASSERTIONS = NO;
				ENABLE_STRICT_OBJC_MSGSEND = YES;
				ENABLE_USER_SCRIPT_SANDBOXING = NO;
				GCC_C_LANGUAGE_STANDARD = gnu17;
				GCC_NO_COMMON_BLOCKS = YES;
				GCC_WARN_64_TO_32_BIT_CONVERSION = YES;
				GCC_WARN_ABOUT_RETURN_TYPE = YES_ERROR;
				GCC_WARN_UNDECLARED_SELECTOR = YES;
				GCC_WARN_UNINITIALIZED_AUTOS = YES_AGGRESSIVE;
				GCC_WARN_UNUSED_FUNCTION = YES;
				GCC_WARN_UNUSED_VARIABLE = YES;
				LOCALIZATION_PREFERS_STRING_CATALOGS = YES;
				MACOSX_DEPLOYMENT_TARGET = 26.0;
				MTL_ENABLE_DEBUG_INFO = NO;
				MTL_FAST_MATH = YES;
				SDKROOT = macosx;
				SWIFT_COMPILATION_MODE = wholemodule;
			};
			name = Release;
		};
		0462CE832EC98CAA00EBD04B /* Debug */ = {
			isa = XCBuildConfiguration;
			buildSettings = {
				ASSETCATALOG_COMPILER_APPICON_NAME = AppIcon;
				ASSETCATALOG_COMPILER_GLOBAL_ACCENT_COLOR_NAME = AccentColor;
				CODE_SIGN_STYLE = Automatic;
				COMBINE_HIDPI_IMAGES = YES;
				CURRENT_PROJECT_VERSION = 1;
				DEVELOPMENT_TEAM = 9NAU7R3577;
				ENABLE_APP_SANDBOX = YES;
				ENABLE_HARDENED_RUNTIME = YES;
				ENABLE_PREVIEWS = YES;
				ENABLE_USER_SELECTED_FILES = readonly;
				GENERATE_INFOPLIST_FILE = YES;
				INFOPLIST_KEY_NSHumanReadableCopyright = "";
				LD_RUNPATH_SEARCH_PATHS = (
					"$(inherited)",
					"@executable_path/../Frameworks",
				);
				MARKETING_VERSION = 1.0;
				PRODUCT_BUNDLE_IDENTIFIER = xyz.nandamochammad.ResearchTime;
				PRODUCT_NAME = "$(TARGET_NAME)";
				REGISTER_APP_GROUPS = YES;
				STRING_CATALOG_GENERATE_SYMBOLS = YES;
				SWIFT_APPROACHABLE_CONCURRENCY = YES;
				SWIFT_DEFAULT_ACTOR_ISOLATION = MainActor;
				SWIFT_EMIT_LOC_STRINGS = YES;
				SWIFT_UPCOMING_FEATURE_MEMBER_IMPORT_VISIBILITY = YES;
				SWIFT_VERSION = 5.0;
			};
			name = Debug;
		};
		0462CE842EC98CAA00EBD04B /* Release */ = {
			isa = XCBuildConfiguration;
			buildSettings = {
				ASSETCATALOG_COMPILER_APPICON_NAME = AppIcon;
				ASSETCATALOG_COMPILER_GLOBAL_ACCENT_COLOR_NAME = AccentColor;
				CODE_SIGN_STYLE = Automatic;
				COMBINE_HIDPI_IMAGES = YES;
				CURRENT_PROJECT_VERSION = 1;
				DEVELOPMENT_TEAM = 9NAU7R3577;
				ENABLE_APP_SANDBOX = YES;
				ENABLE_HARDENED_RUNTIME = YES;
				ENABLE_PREVIEWS = YES;
				ENABLE_USER_SELECTED_FILES = readonly;
				GENERATE_INFOPLIST_FILE = YES;
				INFOPLIST_KEY_NSHumanReadableCopyright = "";
				LD_RUNPATH_SEARCH_PATHS = (
					"$(inherited)",
					"@executable_path/../Frameworks",
				);
				MARKETING_VERSION = 1.0;
				PRODUCT_BUNDLE_IDENTIFIER = xyz.nandamochammad.ResearchTime;
				PRODUCT_NAME = "$(TARGET_NAME)";
				REGISTER_APP_GROUPS = YES;
				STRING_CATALOG_GENERATE_SYMBOLS = YES;
				SWIFT_APPROACHABLE_CONCURRENCY = YES;
				SWIFT_DEFAULT_ACTOR_ISOLATION = MainActor;
				SWIFT_EMIT_LOC_STRINGS = YES;
				SWIFT_UPCOMING_FEATURE_MEMBER_IMPORT_VISIBILITY = YES;
				SWIFT_VERSION = 5.0;
			};
			name = Release;
		};
		0462CE862EC98CAA00EBD04B /* Debug */ = {
			isa = XCBuildConfiguration;
			buildSettings = {
				BUNDLE_LOADER = "$(TEST_HOST)";
				CODE_SIGN_STYLE = Automatic;
				CURRENT_PROJECT_VERSION = 1;
				DEVELOPMENT_TEAM = 9NAU7R3577;
				GENERATE_INFOPLIST_FILE = YES;
				MACOSX_DEPLOYMENT_TARGET = 26.0;
				MARKETING_VERSION = 1.0;
				PRODUCT_BUNDLE_IDENTIFIER = xyz.nandamochammad.ResearchTimeTests;
				PRODUCT_NAME = "$(TARGET_NAME)";
				STRING_CATALOG_GENERATE_SYMBOLS = NO;
				SWIFT_APPROACHABLE_CONCURRENCY = YES;
				SWIFT_EMIT_LOC_STRINGS = NO;
				SWIFT_UPCOMING_FEATURE_MEMBER_IMPORT_VISIBILITY = YES;
				SWIFT_VERSION = 5.0;
				TEST_HOST = "$(BUILT_PRODUCTS_DIR)/ResearchTime.app/$(BUNDLE_EXECUTABLE_FOLDER_PATH)/ResearchTime";
			};
			name = Debug;
		};
		0462CE872EC98CAA00EBD04B /* Release */ = {
			isa = XCBuildConfiguration;
			buildSettings = {
				BUNDLE_LOADER = "$(TEST_HOST)";
				CODE_SIGN_STYLE = Automatic;
				CURRENT_PROJECT_VERSION = 1;
				DEVELOPMENT_TEAM = 9NAU7R3577;
				GENERATE_INFOPLIST_FILE = YES;
				MACOSX_DEPLOYMENT_TARGET = 26.0;
				MARKETING_VERSION = 1.0;
				PRODUCT_BUNDLE_IDENTIFIER = xyz.nandamochammad.ResearchTimeTests;
				PRODUCT_NAME = "$(TARGET_NAME)";
				STRING_CATALOG_GENERATE_SYMBOLS = NO;
				SWIFT_APPROACHABLE_CONCURRENCY = YES;
				SWIFT_EMIT_LOC_STRINGS = NO;
				SWIFT_UPCOMING_FEATURE_MEMBER_IMPORT_VISIBILITY = YES;
				SWIFT_VERSION = 5.0;
				TEST_HOST = "$(BUILT_PRODUCTS_DIR)/ResearchTime.app/$(BUNDLE_EXECUTABLE_FOLDER_PATH)/ResearchTime";
			};
			name = Release;
		};
		0462CE892EC98CAA00EBD04B /* Debug */ = {
			isa = XCBuildConfiguration;
			buildSettings = {
				CODE_SIGN_STYLE = Automatic;
				CURRENT_PROJECT_VERSION = 1;
				DEVELOPMENT_TEAM = 9NAU7R3577;
				GENERATE_INFOPLIST_FILE = YES;
				MARKETING_VERSION = 1.0;
				PRODUCT_BUNDLE_IDENTIFIER = xyz.nandamochammad.ResearchTimeUITests;
				PRODUCT_NAME = "$(TARGET_NAME)";
				STRING_CATALOG_GENERATE_SYMBOLS = NO;
				SWIFT_APPROACHABLE_CONCURRENCY = YES;
				SWIFT_EMIT_LOC_STRINGS = NO;
				SWIFT_UPCOMING_FEATURE_MEMBER_IMPORT_VISIBILITY = YES;
				SWIFT_VERSION = 5.0;
				TEST_TARGET_NAME = ResearchTime;
			};
			name = Debug;
		};
		0462CE8A2EC98CAA00EBD04B /* Release */ = {
			isa = XCBuildConfiguration;
			buildSettings = {
				CODE_SIGN_STYLE = Automatic;
				CURRENT_PROJECT_VERSION = 1;
				DEVELOPMENT_TEAM = 9NAU7R3577;
				GENERATE_INFOPLIST_FILE = YES;
				MARKETING_VERSION = 1.0;
				PRODUCT_BUNDLE_IDENTIFIER = xyz.nandamochammad.ResearchTimeUITests;
				PRODUCT_NAME = "$(TARGET_NAME)";
				STRING_CATALOG_GENERATE_SYMBOLS = NO;
				SWIFT_APPROACHABLE_CONCURRENCY = YES;
				SWIFT_EMIT_LOC_STRINGS = NO;
				SWIFT_UPCOMING_FEATURE_MEMBER_IMPORT_VISIBILITY = YES;
				SWIFT_VERSION = 5.0;
				TEST_TARGET_NAME = ResearchTime;
			};
			name = Release;
		};
/* End XCBuildConfiguration section */

/* Begin XCConfigurationList section */
		0462CE5C2EC98CA900EBD04B /* Build configuration list for PBXProject "ResearchTime" */ = {
			isa = XCConfigurationList;
			buildConfigurations = (
				0462CE802EC98CAA00EBD04B /* Debug */,
				0462CE812EC98CAA00EBD04B /* Release */,
			);
			defaultConfigurationIsVisible = 0;
			defaultConfigurationName = Release;
		};
		0462CE822EC98CAA00EBD04B /* Build configuration list for PBXNativeTarget "ResearchTime" */ = {
			isa = XCConfigurationList;
			buildConfigurations = (
				0462CE832EC98CAA00EBD04B /* Debug */,
				0462CE842EC98CAA00EBD04B /* Release */,
			);
			defaultConfigurationIsVisible = 0;
			defaultConfigurationName = Release;
		};
		0462CE852EC98CAA00EBD04B /* Build configuration list for PBXNativeTarget "ResearchTimeTests" */ = {
			isa = XCConfigurationList;
			buildConfigurations = (
				0462CE862EC98CAA00EBD04B /* Debug */,
				0462CE872EC98CAA00EBD04B /* Release */,
			);
			defaultConfigurationIsVisible = 0;
			defaultConfigurationName = Release;
		};
		0462CE882EC98CAA00EBD04B /* Build configuration list for PBXNativeTarget "ResearchTimeUITests" */ = {
			isa = XCConfigurationList;
			buildConfigurations = (
				0462CE892EC98CAA00EBD04B /* Debug */,
				0462CE8A2EC98CAA00EBD04B /* Release */,
			);
			defaultConfigurationIsVisible = 0;
			defaultConfigurationName = Release;
		};
/* End XCConfigurationList section */
	};
	rootObject = 0462CE592EC98CA900EBD04B /* Project object */;
}
